
Microsoft Visual Studio Solution File, Format Version 12.00
# Visual Studio Version 17
VisualStudioVersion = 17.8.34322.80
MinimumVisualStudioVersion = 10.0.40219.1
Project("{2150E333-8FDC-42A3-9474-1A3956D46DE8}") = "Services", "Services", "{3D24EA84-DC94-4F47-B3DB-253137CB6E7F}"
EndProject
Project("{2150E333-8FDC-42A3-9474-1A3956D46DE8}") = "Catalog", "Catalog", "{7E916A9A-BD32-45C1-B9A9-7D06E1D8F791}"
EndProject
Project("{9A19103F-16F7-4668-BE54-9A1E7A4F7556}") = "ECommerceSite.Services.Catalog.API", "Services\Catalog\ECommerceSite.Services.Catalog.API\ECommerceSite.Services.Catalog.API.csproj", "{48827108-D3B4-449C-9E53-DBCFE05D5D83}"
EndProject
Project("{9A19103F-16F7-4668-BE54-9A1E7A4F7556}") = "ECommerceSite.Services.Catalog.DataAccess", "Services\Catalog\ECommerceSite.Services.Catalog.DataAccess\ECommerceSite.Services.Catalog.DataAccess.csproj", "{C16112CE-666F-4CB3-9DAF-234E09C8ECBA}"
EndProject
Project("{9A19103F-16F7-4668-BE54-9A1E7A4F7556}") = "ECommerceSite.Services.Catalog.Models", "Services\Catalog\ECommerceSite.Services.Catalog.Models\ECommerceSite.Services.Catalog.Models.csproj", "{C02472CD-D743-4950-BF70-0194B80234C3}"
EndProject
Project("{2150E333-8FDC-42A3-9474-1A3956D46DE8}") = "Shared", "Shared", "{D563A8B6-82CB-4612-92D5-76E227860917}"
EndProject
Project("{9A19103F-16F7-4668-BE54-9A1E7A4F7556}") = "ECommerceSite.Shared", "Shared\ECommerceSite.Shared\ECommerceSite.Shared.csproj", "{D9E4AE7A-D48A-48B9-8318-0B50C08B946F}"
EndProject
Project("{2150E333-8FDC-42A3-9474-1A3956D46DE8}") = "Basket", "Basket", "{66A9A6EA-27BE-4EE3-AFD8-DB44CD1FD898}"
EndProject
Project("{9A19103F-16F7-4668-BE54-9A1E7A4F7556}") = "ECommerceSite.Services.Basket.API", "Services\Basket\ECommerceSite.Services.Basket.API\ECommerceSite.Services.Basket.API.csproj", "{F94F6C92-975D-4BAA-8330-3BD7E4818D93}"
EndProject
Project("{2150E333-8FDC-42A3-9474-1A3956D46DE8}") = "IdentityServer", "IdentityServer", "{A36B43BD-4342-42A3-B4EA-A613039633AF}"
EndProject
Project("{9A19103F-16F7-4668-BE54-9A1E7A4F7556}") = "ECommmerce.IdentityServer", "IdentityServer\ECommmerce.IdentityServer\ECommmerce.IdentityServer.csproj", "{BDC81A3C-0D67-4C87-9737-B1B984C9644A}"
EndProject
Project("{2150E333-8FDC-42A3-9474-1A3956D46DE8}") = "Order", "Order", "{0FA55822-C522-4364-BF80-F9B35E1478D1}"
EndProject
Project("{9A19103F-16F7-4668-BE54-9A1E7A4F7556}") = "ECommerceSite.Services.Order.API", "Services\Order\ECommerceSite.Services.Order.API\ECommerceSite.Services.Order.API.csproj", "{08996BFB-C7B5-4202-98F1-7A67801CB8DC}"
EndProject
Project("{9A19103F-16F7-4668-BE54-9A1E7A4F7556}") = "ECommerceSite.Services.Order.Application", "Services\Order\ECommerceSite.Services.Order.Application\ECommerceSite.Services.Order.Application.csproj", "{5A0237C1-A3BB-4C8D-8830-A66E0CD7C581}"
EndProject
Project("{9A19103F-16F7-4668-BE54-9A1E7A4F7556}") = "ECommerceSite.Services.Order.Domain", "Services\Order\ECommerceSite.Services.Order.Domain\ECommerceSite.Services.Order.Domain.csproj", "{F6A59450-1664-45D8-B757-A3C81D5AB2FF}"
EndProject
Project("{9A19103F-16F7-4668-BE54-9A1E7A4F7556}") = "ECommerceSite.Services.Order.Domain.Core", "Services\Order\ECommerceSite.Services.Order.Domain.Core\ECommerceSite.Services.Order.Domain.Core.csproj", "{5E8A5533-3886-4A80-8C30-B10AAC41DA3F}"
EndProject
Project("{9A19103F-16F7-4668-BE54-9A1E7A4F7556}") = "ECommerceSite.Services.Order.Infrastructere", "Services\Order\ECommerceSite.Services.Order.Infrastructere\ECommerceSite.Services.Order.Infrastructere.csproj", "{58C51BBD-499E-4356-8D3D-61D0747416B8}"
EndProject
Project("{2150E333-8FDC-42A3-9474-1A3956D46DE8}") = "Gateways", "Gateways", "{805566F4-309E-484A-8762-F922293D7D08}"
EndProject
Project("{FAE04EC0-301F-11D3-BF4B-00C04F79EFBC}") = "ECommerceSite.Gateway", "ECommerceSite.Gateway\ECommerceSite.Gateway.csproj", "{7D728281-BB46-4028-95A6-1A28A1B99341}"
EndProject
Global
	GlobalSection(SolutionConfigurationPlatforms) = preSolution
		Debug|Any CPU = Debug|Any CPU
		Release|Any CPU = Release|Any CPU
	EndGlobalSection
	GlobalSection(ProjectConfigurationPlatforms) = postSolution
		{48827108-D3B4-449C-9E53-DBCFE05D5D83}.Debug|Any CPU.ActiveCfg = Debug|Any CPU
		{48827108-D3B4-449C-9E53-DBCFE05D5D83}.Debug|Any CPU.Build.0 = Debug|Any CPU
		{48827108-D3B4-449C-9E53-DBCFE05D5D83}.Release|Any CPU.ActiveCfg = Release|Any CPU
		{48827108-D3B4-449C-9E53-DBCFE05D5D83}.Release|Any CPU.Build.0 = Release|Any CPU
		{C16112CE-666F-4CB3-9DAF-234E09C8ECBA}.Debug|Any CPU.ActiveCfg = Debug|Any CPU
		{C16112CE-666F-4CB3-9DAF-234E09C8ECBA}.Debug|Any CPU.Build.0 = Debug|Any CPU
		{C16112CE-666F-4CB3-9DAF-234E09C8ECBA}.Release|Any CPU.ActiveCfg = Release|Any CPU
		{C16112CE-666F-4CB3-9DAF-234E09C8ECBA}.Release|Any CPU.Build.0 = Release|Any CPU
		{C02472CD-D743-4950-BF70-0194B80234C3}.Debug|Any CPU.ActiveCfg = Debug|Any CPU
		{C02472CD-D743-4950-BF70-0194B80234C3}.Debug|Any CPU.Build.0 = Debug|Any CPU
		{C02472CD-D743-4950-BF70-0194B80234C3}.Release|Any CPU.ActiveCfg = Release|Any CPU
		{C02472CD-D743-4950-BF70-0194B80234C3}.Release|Any CPU.Build.0 = Release|Any CPU
		{D9E4AE7A-D48A-48B9-8318-0B50C08B946F}.Debug|Any CPU.ActiveCfg = Debug|Any CPU
		{D9E4AE7A-D48A-48B9-8318-0B50C08B946F}.Debug|Any CPU.Build.0 = Debug|Any CPU
		{D9E4AE7A-D48A-48B9-8318-0B50C08B946F}.Release|Any CPU.ActiveCfg = Release|Any CPU
		{D9E4AE7A-D48A-48B9-8318-0B50C08B946F}.Release|Any CPU.Build.0 = Release|Any CPU
		{F94F6C92-975D-4BAA-8330-3BD7E4818D93}.Debug|Any CPU.ActiveCfg = Debug|Any CPU
		{F94F6C92-975D-4BAA-8330-3BD7E4818D93}.Debug|Any CPU.Build.0 = Debug|Any CPU
		{F94F6C92-975D-4BAA-8330-3BD7E4818D93}.Release|Any CPU.ActiveCfg = Release|Any CPU
		{F94F6C92-975D-4BAA-8330-3BD7E4818D93}.Release|Any CPU.Build.0 = Release|Any CPU
		{BDC81A3C-0D67-4C87-9737-B1B984C9644A}.Debug|Any CPU.ActiveCfg = Debug|Any CPU
		{BDC81A3C-0D67-4C87-9737-B1B984C9644A}.Debug|Any CPU.Build.0 = Debug|Any CPU
		{BDC81A3C-0D67-4C87-9737-B1B984C9644A}.Release|Any CPU.ActiveCfg = Release|Any CPU
		{BDC81A3C-0D67-4C87-9737-B1B984C9644A}.Release|Any CPU.Build.0 = Release|Any CPU
		{08996BFB-C7B5-4202-98F1-7A67801CB8DC}.Debug|Any CPU.ActiveCfg = Debug|Any CPU
		{08996BFB-C7B5-4202-98F1-7A67801CB8DC}.Debug|Any CPU.Build.0 = Debug|Any CPU
		{08996BFB-C7B5-4202-98F1-7A67801CB8DC}.Release|Any CPU.ActiveCfg = Release|Any CPU
		{08996BFB-C7B5-4202-98F1-7A67801CB8DC}.Release|Any CPU.Build.0 = Release|Any CPU
		{5A0237C1-A3BB-4C8D-8830-A66E0CD7C581}.Debug|Any CPU.ActiveCfg = Debug|Any CPU
		{5A0237C1-A3BB-4C8D-8830-A66E0CD7C581}.Debug|Any CPU.Build.0 = Debug|Any CPU
		{5A0237C1-A3BB-4C8D-8830-A66E0CD7C581}.Release|Any CPU.ActiveCfg = Release|Any CPU
		{5A0237C1-A3BB-4C8D-8830-A66E0CD7C581}.Release|Any CPU.Build.0 = Release|Any CPU
		{F6A59450-1664-45D8-B757-A3C81D5AB2FF}.Debug|Any CPU.ActiveCfg = Debug|Any CPU
		{F6A59450-1664-45D8-B757-A3C81D5AB2FF}.Debug|Any CPU.Build.0 = Debug|Any CPU
		{F6A59450-1664-45D8-B757-A3C81D5AB2FF}.Release|Any CPU.ActiveCfg = Release|Any CPU
		{F6A59450-1664-45D8-B757-A3C81D5AB2FF}.Release|Any CPU.Build.0 = Release|Any CPU
		{5E8A5533-3886-4A80-8C30-B10AAC41DA3F}.Debug|Any CPU.ActiveCfg = Debug|Any CPU
		{5E8A5533-3886-4A80-8C30-B10AAC41DA3F}.Debug|Any CPU.Build.0 = Debug|Any CPU
		{5E8A5533-3886-4A80-8C30-B10AAC41DA3F}.Release|Any CPU.ActiveCfg = Release|Any CPU
		{5E8A5533-3886-4A80-8C30-B10AAC41DA3F}.Release|Any CPU.Build.0 = Release|Any CPU
		{58C51BBD-499E-4356-8D3D-61D0747416B8}.Debug|Any CPU.ActiveCfg = Debug|Any CPU
		{58C51BBD-499E-4356-8D3D-61D0747416B8}.Debug|Any CPU.Build.0 = Debug|Any CPU
		{58C51BBD-499E-4356-8D3D-61D0747416B8}.Release|Any CPU.ActiveCfg = Release|Any CPU
		{58C51BBD-499E-4356-8D3D-61D0747416B8}.Release|Any CPU.Build.0 = Release|Any CPU
		{7D728281-BB46-4028-95A6-1A28A1B99341}.Debug|Any CPU.ActiveCfg = Debug|Any CPU
		{7D728281-BB46-4028-95A6-1A28A1B99341}.Debug|Any CPU.Build.0 = Debug|Any CPU
		{7D728281-BB46-4028-95A6-1A28A1B99341}.Release|Any CPU.ActiveCfg = Release|Any CPU
		{7D728281-BB46-4028-95A6-1A28A1B99341}.Release|Any CPU.Build.0 = Release|Any CPU
	EndGlobalSection
	GlobalSection(SolutionProperties) = preSolution
		HideSolutionNode = FALSE
	EndGlobalSection
	GlobalSection(NestedProjects) = preSolution
		{7E916A9A-BD32-45C1-B9A9-7D06E1D8F791} = {3D24EA84-DC94-4F47-B3DB-253137CB6E7F}
		{48827108-D3B4-449C-9E53-DBCFE05D5D83} = {7E916A9A-BD32-45C1-B9A9-7D06E1D8F791}
		{C16112CE-666F-4CB3-9DAF-234E09C8ECBA} = {7E916A9A-BD32-45C1-B9A9-7D06E1D8F791}
		{C02472CD-D743-4950-BF70-0194B80234C3} = {7E916A9A-BD32-45C1-B9A9-7D06E1D8F791}
		{D9E4AE7A-D48A-48B9-8318-0B50C08B946F} = {D563A8B6-82CB-4612-92D5-76E227860917}
		{66A9A6EA-27BE-4EE3-AFD8-DB44CD1FD898} = {3D24EA84-DC94-4F47-B3DB-253137CB6E7F}
		{F94F6C92-975D-4BAA-8330-3BD7E4818D93} = {66A9A6EA-27BE-4EE3-AFD8-DB44CD1FD898}
		{BDC81A3C-0D67-4C87-9737-B1B984C9644A} = {A36B43BD-4342-42A3-B4EA-A613039633AF}
		{0FA55822-C522-4364-BF80-F9B35E1478D1} = {3D24EA84-DC94-4F47-B3DB-253137CB6E7F}
		{08996BFB-C7B5-4202-98F1-7A67801CB8DC} = {0FA55822-C522-4364-BF80-F9B35E1478D1}
		{5A0237C1-A3BB-4C8D-8830-A66E0CD7C581} = {0FA55822-C522-4364-BF80-F9B35E1478D1}
		{F6A59450-1664-45D8-B757-A3C81D5AB2FF} = {0FA55822-C522-4364-BF80-F9B35E1478D1}
		{5E8A5533-3886-4A80-8C30-B10AAC41DA3F} = {0FA55822-C522-4364-BF80-F9B35E1478D1}
		{58C51BBD-499E-4356-8D3D-61D0747416B8} = {0FA55822-C522-4364-BF80-F9B35E1478D1}
		{7D728281-BB46-4028-95A6-1A28A1B99341} = {805566F4-309E-484A-8762-F922293D7D08}
	EndGlobalSection
	GlobalSection(ExtensibilityGlobals) = postSolution
		SolutionGuid = {9109524C-7EB7-43B0-AAED-23701387FD85}
	EndGlobalSection
EndGlobal
